{
  "version": 4,
  "terraform_version": "1.5.0",
  "serial": 10,
  "lineage": "1d3fbef0-f21c-0d5f-fd71-5cd4ac42edb8",
  "outputs": {},
  "resources": [
    {
      "mode": "data",
      "type": "archive_file",
      "name": "function",
      "provider": "provider[\"registry.terraform.io/hashicorp/archive\"]",
      "instances": [
        {
          "schema_version": 0,
          "attributes": {
            "exclude_symlink_directories": null,
            "excludes": null,
            "id": "a70f8a46e1b3a1a4b1a6673defdea252b8570d94",
            "output_base64sha256": "JYGxIvxGqktH6rADtNOnV3bRAP+R0Qeb0rcYAgDH0+M=",
            "output_base64sha512": "S24B3UmpI4D6FjpKc32Hx/4AWGFPXSdJPNbMGKcbvYGL6ss3aew+jI2bS+5atyZQBXadZj2RwxO0eIC8HRWmPQ==",
            "output_file_mode": null,
            "output_md5": "687bdc736f3957d8e987db01ca5466cf",
            "output_path": "../outputs/zipfile/src.zip",
            "output_sha": "a70f8a46e1b3a1a4b1a6673defdea252b8570d94",
            "output_sha256": "2581b122fc46aa4b47eab003b4d3a75776d100ff91d1079bd2b7180200c7d3e3",
            "output_sha512": "4b6e01dd49a92380fa163a4a737d87c7fe0058614f5d27493cd6cc18a71bbd818beacb3769ec3e8c8d9b4bee5ab7265005769d663d91c313b47880bc1d15a63d",
            "output_size": 7353,
            "source": [],
            "source_content": null,
            "source_content_filename": null,
            "source_dir": "../src",
            "source_file": null,
            "type": "zip"
          },
          "sensitive_attributes": []
        }
      ]
    },
    {
      "mode": "data",
      "type": "aws_iam_policy_document",
      "name": "assume_role",
      "provider": "provider[\"registry.terraform.io/hashicorp/aws\"]",
      "instances": [
        {
          "schema_version": 0,
          "attributes": {
            "id": "3693445097",
            "json": "{\n  \"Version\": \"2012-10-17\",\n  \"Statement\": [\n    {\n      \"Sid\": \"\",\n      \"Effect\": \"Allow\",\n      \"Action\": \"sts:AssumeRole\",\n      \"Principal\": {\n        \"Service\": \"lambda.amazonaws.com\"\n      }\n    }\n  ]\n}",
            "override_json": null,
            "override_policy_documents": null,
            "policy_id": null,
            "source_json": null,
            "source_policy_documents": null,
            "statement": [
              {
                "actions": [
                  "sts:AssumeRole"
                ],
                "condition": [],
                "effect": "Allow",
                "not_actions": [],
                "not_principals": [],
                "not_resources": [],
                "principals": [
                  {
                    "identifiers": [
                      "lambda.amazonaws.com"
                    ],
                    "type": "Service"
                  }
                ],
                "resources": [],
                "sid": ""
              }
            ],
            "version": "2012-10-17"
          },
          "sensitive_attributes": []
        }
      ]
    },
    {
      "mode": "managed",
      "type": "aws_iam_role",
      "name": "iam_for_lambda",
      "provider": "provider[\"registry.terraform.io/hashicorp/aws\"]",
      "instances": [
        {
          "schema_version": 0,
          "attributes": {
            "arn": "arn:aws:iam::730335441282:role/iam_for_lambda",
            "assume_role_policy": "{\"Statement\":[{\"Action\":\"sts:AssumeRole\",\"Effect\":\"Allow\",\"Principal\":{\"Service\":\"lambda.amazonaws.com\"},\"Sid\":\"\"}],\"Version\":\"2012-10-17\"}",
            "create_date": "2024-02-12T12:57:52Z",
            "description": "",
            "force_detach_policies": false,
            "id": "iam_for_lambda",
            "inline_policy": [],
            "managed_policy_arns": [],
            "max_session_duration": 3600,
            "name": "iam_for_lambda",
            "name_prefix": "",
            "path": "/",
            "permissions_boundary": null,
            "role_last_used": [
              {
                "last_used_date": "2024-02-12T16:14:20Z",
                "region": "ap-northeast-1"
              }
            ],
            "tags": {},
            "tags_all": {},
            "unique_id": "AROA2UC3COGBFLAG3KGMD"
          },
          "sensitive_attributes": [],
          "private": "bnVsbA==",
          "dependencies": [
            "data.aws_iam_policy_document.assume_role"
          ]
        }
      ]
    },
    {
      "mode": "managed",
      "type": "aws_lambda_function",
      "name": "costume_forecast",
      "provider": "provider[\"registry.terraform.io/hashicorp/aws\"]",
      "instances": [
        {
          "schema_version": 0,
          "attributes": {
            "architectures": [
              "x86_64"
            ],
            "arn": "arn:aws:lambda:ap-northeast-1:730335441282:function:costume_forecast_bot",
            "code_signing_config_arn": "",
            "dead_letter_config": [],
            "description": "",
            "environment": [],
            "ephemeral_storage": [
              {
                "size": 512
              }
            ],
            "file_system_config": [],
            "filename": "../outputs/zipfile/src.zip",
            "function_name": "costume_forecast_bot",
            "handler": "lambda_function.lambda_handler",
            "id": "costume_forecast_bot",
            "image_config": [],
            "image_uri": "",
            "invoke_arn": "arn:aws:apigateway:ap-northeast-1:lambda:path/2015-03-31/functions/arn:aws:lambda:ap-northeast-1:730335441282:function:costume_forecast_bot/invocations",
            "kms_key_arn": "",
            "last_modified": "2024-02-13T12:28:05.186+0000",
            "layers": [
              "arn:aws:lambda:ap-northeast-1:730335441282:layer:costume_bot_layer:1"
            ],
            "memory_size": 128,
            "package_type": "Zip",
            "publish": false,
            "qualified_arn": "arn:aws:lambda:ap-northeast-1:730335441282:function:costume_forecast_bot:$LATEST",
            "qualified_invoke_arn": "arn:aws:apigateway:ap-northeast-1:lambda:path/2015-03-31/functions/arn:aws:lambda:ap-northeast-1:730335441282:function:costume_forecast_bot:$LATEST/invocations",
            "replace_security_groups_on_destroy": null,
            "replacement_security_group_ids": null,
            "reserved_concurrent_executions": -1,
            "role": "arn:aws:iam::730335441282:role/iam_for_lambda",
            "runtime": "python3.10",
            "s3_bucket": null,
            "s3_key": null,
            "s3_object_version": null,
            "signing_job_arn": "",
            "signing_profile_version_arn": "",
            "skip_destroy": false,
            "snap_start": [],
            "source_code_hash": "JYGxIvxGqktH6rADtNOnV3bRAP+R0Qeb0rcYAgDH0+M=",
            "source_code_size": 7353,
            "tags": null,
            "tags_all": {},
            "timeout": 3,
            "timeouts": null,
            "tracing_config": [
              {
                "mode": "PassThrough"
              }
            ],
            "version": "$LATEST",
            "vpc_config": []
          },
          "sensitive_attributes": [],
          "private": "eyJlMmJmYjczMC1lY2FhLTExZTYtOGY4OC0zNDM2M2JjN2M0YzAiOnsiY3JlYXRlIjo2MDAwMDAwMDAwMDAsImRlbGV0ZSI6NjAwMDAwMDAwMDAwLCJ1cGRhdGUiOjYwMDAwMDAwMDAwMH19",
          "dependencies": [
            "aws_iam_role.iam_for_lambda",
            "aws_lambda_layer_version.lambda_layer",
            "data.archive_file.function"
          ]
        }
      ]
    },
    {
      "mode": "managed",
      "type": "aws_lambda_layer_version",
      "name": "lambda_layer",
      "provider": "provider[\"registry.terraform.io/hashicorp/aws\"]",
      "instances": [
        {
          "schema_version": 0,
          "attributes": {
            "arn": "arn:aws:lambda:ap-northeast-1:730335441282:layer:costume_bot_layer:1",
            "compatible_architectures": [],
            "compatible_runtimes": [
              "python3.10"
            ],
            "created_date": "2024-02-12T12:58:01.965+0000",
            "description": "",
            "filename": "../tweet_bot.zip",
            "id": "arn:aws:lambda:ap-northeast-1:730335441282:layer:costume_bot_layer:1",
            "layer_arn": "arn:aws:lambda:ap-northeast-1:730335441282:layer:costume_bot_layer",
            "layer_name": "costume_bot_layer",
            "license_info": "",
            "s3_bucket": null,
            "s3_key": null,
            "s3_object_version": null,
            "signing_job_arn": "",
            "signing_profile_version_arn": "",
            "skip_destroy": false,
            "source_code_hash": "k8CHJGfOHT+oWyT3RkazBJLY6UiKhDLuAjombzMXACA=",
            "source_code_size": 3416676,
            "version": "1"
          },
          "sensitive_attributes": [],
          "private": "bnVsbA=="
        }
      ]
    }
  ],
  "check_results": null
}
